
Microsoft Visual Studio Solution File, Format Version 12.00
# Visual Studio Version 17
VisualStudioVersion = 17.14.36202.13 d17.14
MinimumVisualStudioVersion = 10.0.40219.1
Project("{FAE04EC0-301F-11D3-BF4B-00C04F79EFBC}") = "ecommerce.API", "ecommerce\ecommerce.API.csproj", "{987AE983-A3DA-4D34-B2ED-1EC1E2F0E7C5}"
EndProject
Project("{FAE04EC0-301F-11D3-BF4B-00C04F79EFBC}") = "ecommerce.Domain", "ecommerce.Domain\ecommerce.Domain.csproj", "{F9EE4CD2-9655-4B9F-A107-F73FBFF6B153}"
EndProject
Project("{FAE04EC0-301F-11D3-BF4B-00C04F79EFBC}") = "ecommerce.Infra", "ecommerce.Infra\ecommerce.Infra.csproj", "{DC1BF003-E20F-41FD-9EB8-4D7D2FEF69CC}"
EndProject
Project("{FAE04EC0-301F-11D3-BF4B-00C04F79EFBC}") = "ecommerce.Front", "ecommerce.Front\ecommerce.Front.csproj", "{F4865D3D-6395-41C8-837A-833B41CE2DF1}"
EndProject
Global
	GlobalSection(SolutionConfigurationPlatforms) = preSolution
		Debug|Any CPU = Debug|Any CPU
		Release|Any CPU = Release|Any CPU
	EndGlobalSection
	GlobalSection(ProjectConfigurationPlatforms) = postSolution
		{987AE983-A3DA-4D34-B2ED-1EC1E2F0E7C5}.Debug|Any CPU.ActiveCfg = Debug|Any CPU
		{987AE983-A3DA-4D34-B2ED-1EC1E2F0E7C5}.Debug|Any CPU.Build.0 = Debug|Any CPU
		{987AE983-A3DA-4D34-B2ED-1EC1E2F0E7C5}.Release|Any CPU.ActiveCfg = Release|Any CPU
		{987AE983-A3DA-4D34-B2ED-1EC1E2F0E7C5}.Release|Any CPU.Build.0 = Release|Any CPU
		{F9EE4CD2-9655-4B9F-A107-F73FBFF6B153}.Debug|Any CPU.ActiveCfg = Debug|Any CPU
		{F9EE4CD2-9655-4B9F-A107-F73FBFF6B153}.Debug|Any CPU.Build.0 = Debug|Any CPU
		{F9EE4CD2-9655-4B9F-A107-F73FBFF6B153}.Release|Any CPU.ActiveCfg = Release|Any CPU
		{F9EE4CD2-9655-4B9F-A107-F73FBFF6B153}.Release|Any CPU.Build.0 = Release|Any CPU
		{DC1BF003-E20F-41FD-9EB8-4D7D2FEF69CC}.Debug|Any CPU.ActiveCfg = Debug|Any CPU
		{DC1BF003-E20F-41FD-9EB8-4D7D2FEF69CC}.Debug|Any CPU.Build.0 = Debug|Any CPU
		{DC1BF003-E20F-41FD-9EB8-4D7D2FEF69CC}.Release|Any CPU.ActiveCfg = Release|Any CPU
		{DC1BF003-E20F-41FD-9EB8-4D7D2FEF69CC}.Release|Any CPU.Build.0 = Release|Any CPU
		{F4865D3D-6395-41C8-837A-833B41CE2DF1}.Debug|Any CPU.ActiveCfg = Debug|Any CPU
		{F4865D3D-6395-41C8-837A-833B41CE2DF1}.Debug|Any CPU.Build.0 = Debug|Any CPU
		{F4865D3D-6395-41C8-837A-833B41CE2DF1}.Release|Any CPU.ActiveCfg = Release|Any CPU
		{F4865D3D-6395-41C8-837A-833B41CE2DF1}.Release|Any CPU.Build.0 = Release|Any CPU
	EndGlobalSection
	GlobalSection(SolutionProperties) = preSolution
		HideSolutionNode = FALSE
	EndGlobalSection
	GlobalSection(ExtensibilityGlobals) = postSolution
		SolutionGuid = {72E0C1F4-10E5-48A0-BE28-510E2326CBA3}
	EndGlobalSection
EndGlobal
